// !$*UTF8*$!
{
	archiveVersion = 1;
	classes = {
	};
	objectVersion = 55;
	objects = {

/* Begin PBXBuildFile section */
		8018DA7627BCBA7300707A58 /* CollectionTodoListViewController.swift in Sources */ = {isa = PBXBuildFile; fileRef = 8018DA7527BCBA7300707A58 /* CollectionTodoListViewController.swift */; };
		8018DA7827BCBA9300707A58 /* CollectionTodoListView.swift in Sources */ = {isa = PBXBuildFile; fileRef = 8018DA7727BCBA9300707A58 /* CollectionTodoListView.swift */; };
		8018DA8227C479AC00707A58 /* TodoItem.swift in Sources */ = {isa = PBXBuildFile; fileRef = 8018DA8127C479AC00707A58 /* TodoItem.swift */; };
		8018DA8427C47B2000707A58 /* TodoItem+Icon.swift in Sources */ = {isa = PBXBuildFile; fileRef = 8018DA8327C47B2000707A58 /* TodoItem+Icon.swift */; };
		8018DA8727C4843900707A58 /* CreateTodoItemViewController.swift in Sources */ = {isa = PBXBuildFile; fileRef = 8018DA8627C4843900707A58 /* CreateTodoItemViewController.swift */; };
		8018DA8927C4845000707A58 /* CreateTodoItemView.swift in Sources */ = {isa = PBXBuildFile; fileRef = 8018DA8827C4845000707A58 /* CreateTodoItemView.swift */; };
		806B903527B75F8D0046961B /* AppDelegate.swift in Sources */ = {isa = PBXBuildFile; fileRef = 806B903427B75F8D0046961B /* AppDelegate.swift */; };
		806B903727B75F8D0046961B /* SceneDelegate.swift in Sources */ = {isa = PBXBuildFile; fileRef = 806B903627B75F8D0046961B /* SceneDelegate.swift */; };
		806B903927B75F8D0046961B /* LandingViewController.swift in Sources */ = {isa = PBXBuildFile; fileRef = 806B903827B75F8D0046961B /* LandingViewController.swift */; };
		806B903E27B75F900046961B /* Assets.xcassets in Resources */ = {isa = PBXBuildFile; fileRef = 806B903D27B75F900046961B /* Assets.xcassets */; };
		806B904C27B765A90046961B /* LandingView.swift in Sources */ = {isa = PBXBuildFile; fileRef = 806B904B27B765A90046961B /* LandingView.swift */; };
		806B905027BB1E8E0046961B /* TableTodoListViewController.swift in Sources */ = {isa = PBXBuildFile; fileRef = 806B904F27BB1E8E0046961B /* TableTodoListViewController.swift */; };
		806B905627BB2E670046961B /* TodoItemTableViewCell.swift in Sources */ = {isa = PBXBuildFile; fileRef = 806B905527BB2E670046961B /* TodoItemTableViewCell.swift */; };
		806B905827BB2E870046961B /* TodoListTableViewDataSource.swift in Sources */ = {isa = PBXBuildFile; fileRef = 806B905727BB2E870046961B /* TodoListTableViewDataSource.swift */; };
		806B905A27BB2EA60046961B /* TableTodoListView.swift in Sources */ = {isa = PBXBuildFile; fileRef = 806B905927BB2EA60046961B /* TableTodoListView.swift */; };
/* End PBXBuildFile section */

/* Begin PBXFileReference section */
		8018DA7527BCBA7300707A58 /* CollectionTodoListViewController.swift */ = {isa = PBXFileReference; lastKnownFileType = sourcecode.swift; path = CollectionTodoListViewController.swift; sourceTree = "<group>"; };
		8018DA7727BCBA9300707A58 /* CollectionTodoListView.swift */ = {isa = PBXFileReference; lastKnownFileType = sourcecode.swift; path = CollectionTodoListView.swift; sourceTree = "<group>"; };
		8018DA8127C479AC00707A58 /* TodoItem.swift */ = {isa = PBXFileReference; lastKnownFileType = sourcecode.swift; path = TodoItem.swift; sourceTree = "<group>"; };
		8018DA8327C47B2000707A58 /* TodoItem+Icon.swift */ = {isa = PBXFileReference; lastKnownFileType = sourcecode.swift; path = "TodoItem+Icon.swift"; sourceTree = "<group>"; };
		8018DA8627C4843900707A58 /* CreateTodoItemViewController.swift */ = {isa = PBXFileReference; lastKnownFileType = sourcecode.swift; path = CreateTodoItemViewController.swift; sourceTree = "<group>"; };
		8018DA8827C4845000707A58 /* CreateTodoItemView.swift */ = {isa = PBXFileReference; lastKnownFileType = sourcecode.swift; path = CreateTodoItemView.swift; sourceTree = "<group>"; };
		806B903127B75F8D0046961B /* Modern UICollectionView.app */ = {isa = PBXFileReference; explicitFileType = wrapper.application; includeInIndex = 0; path = "Modern UICollectionView.app"; sourceTree = BUILT_PRODUCTS_DIR; };
		806B903427B75F8D0046961B /* AppDelegate.swift */ = {isa = PBXFileReference; lastKnownFileType = sourcecode.swift; path = AppDelegate.swift; sourceTree = "<group>"; };
		806B903627B75F8D0046961B /* SceneDelegate.swift */ = {isa = PBXFileReference; lastKnownFileType = sourcecode.swift; path = SceneDelegate.swift; sourceTree = "<group>"; };
		806B903827B75F8D0046961B /* LandingViewController.swift */ = {isa = PBXFileReference; lastKnownFileType = sourcecode.swift; path = LandingViewController.swift; sourceTree = "<group>"; };
		806B903D27B75F900046961B /* Assets.xcassets */ = {isa = PBXFileReference; lastKnownFileType = folder.assetcatalog; path = Assets.xcassets; sourceTree = "<group>"; };
		806B904227B75F900046961B /* Info.plist */ = {isa = PBXFileReference; lastKnownFileType = text.plist.xml; path = Info.plist; sourceTree = "<group>"; };
		806B904B27B765A90046961B /* LandingView.swift */ = {isa = PBXFileReference; lastKnownFileType = sourcecode.swift; path = LandingView.swift; sourceTree = "<group>"; };
		806B904F27BB1E8E0046961B /* TableTodoListViewController.swift */ = {isa = PBXFileReference; lastKnownFileType = sourcecode.swift; path = TableTodoListViewController.swift; sourceTree = "<group>"; };
		806B905527BB2E670046961B /* TodoItemTableViewCell.swift */ = {isa = PBXFileReference; lastKnownFileType = sourcecode.swift; path = TodoItemTableViewCell.swift; sourceTree = "<group>"; };
		806B905727BB2E870046961B /* TodoListTableViewDataSource.swift */ = {isa = PBXFileReference; lastKnownFileType = sourcecode.swift; path = TodoListTableViewDataSource.swift; sourceTree = "<group>"; };
		806B905927BB2EA60046961B /* TableTodoListView.swift */ = {isa = PBXFileReference; lastKnownFileType = sourcecode.swift; path = TableTodoListView.swift; sourceTree = "<group>"; };
/* End PBXFileReference section */

/* Begin PBXFrameworksBuildPhase section */
		806B902E27B75F8D0046961B /* Frameworks */ = {
			isa = PBXFrameworksBuildPhase;
			buildActionMask = 2147483647;
			files = (
			);
			runOnlyForDeploymentPostprocessing = 0;
		};
/* End PBXFrameworksBuildPhase section */

/* Begin PBXGroup section */
		8018DA8027C4799C00707A58 /* Shared */ = {
			isa = PBXGroup;
			children = (
				8018DA8827C4845000707A58 /* CreateTodoItemView.swift */,
				8018DA8627C4843900707A58 /* CreateTodoItemViewController.swift */,
			);
			path = Shared;
			sourceTree = "<group>";
		};
		8018DA8527C4840D00707A58 /* Model */ = {
			isa = PBXGroup;
			children = (
				8018DA8127C479AC00707A58 /* TodoItem.swift */,
				8018DA8327C47B2000707A58 /* TodoItem+Icon.swift */,
			);
			path = Model;
			sourceTree = "<group>";
		};
		806B902827B75F8D0046961B = {
			isa = PBXGroup;
			children = (
				806B903327B75F8D0046961B /* Modern UICollectionView */,
				806B903227B75F8D0046961B /* Products */,
			);
			sourceTree = "<group>";
		};
		806B903227B75F8D0046961B /* Products */ = {
			isa = PBXGroup;
			children = (
				806B903127B75F8D0046961B /* Modern UICollectionView.app */,
			);
			name = Products;
			sourceTree = "<group>";
		};
		806B903327B75F8D0046961B /* Modern UICollectionView */ = {
			isa = PBXGroup;
			children = (
				806B904827B75FB40046961B /* App Files */,
				8018DA8527C4840D00707A58 /* Model */,
				806B904927B75FBA0046961B /* User Interface */,
			);
			path = "Modern UICollectionView";
			sourceTree = "<group>";
		};
		806B904827B75FB40046961B /* App Files */ = {
			isa = PBXGroup;
			children = (
				806B903427B75F8D0046961B /* AppDelegate.swift */,
				806B903D27B75F900046961B /* Assets.xcassets */,
				806B904227B75F900046961B /* Info.plist */,
				806B903627B75F8D0046961B /* SceneDelegate.swift */,
			);
			path = "App Files";
			sourceTree = "<group>";
		};
		806B904927B75FBA0046961B /* User Interface */ = {
			isa = PBXGroup;
			children = (
				806B904E27BB1E680046961B /* Collection */,
				806B904A27B765980046961B /* Landing */,
				8018DA8027C4799C00707A58 /* Shared */,
				806B904D27BB1E630046961B /* Table */,
			);
			path = "User Interface";
			sourceTree = "<group>";
		};
		806B904A27B765980046961B /* Landing */ = {
			isa = PBXGroup;
			children = (
				806B904B27B765A90046961B /* LandingView.swift */,
				806B903827B75F8D0046961B /* LandingViewController.swift */,
			);
			path = Landing;
			sourceTree = "<group>";
		};
		806B904D27BB1E630046961B /* Table */ = {
			isa = PBXGroup;
			children = (
				806B905927BB2EA60046961B /* TableTodoListView.swift */,
				806B904F27BB1E8E0046961B /* TableTodoListViewController.swift */,
				806B905527BB2E670046961B /* TodoItemTableViewCell.swift */,
				806B905727BB2E870046961B /* TodoListTableViewDataSource.swift */,
			);
			path = Table;
			sourceTree = "<group>";
		};
		806B904E27BB1E680046961B /* Collection */ = {
			isa = PBXGroup;
			children = (
				8018DA7527BCBA7300707A58 /* CollectionTodoListViewController.swift */,
				8018DA7727BCBA9300707A58 /* CollectionTodoListView.swift */,
			);
			path = Collection;
			sourceTree = "<group>";
		};
/* End PBXGroup section */

/* Begin PBXNativeTarget section */
		806B903027B75F8D0046961B /* Modern UICollectionView */ = {
			isa = PBXNativeTarget;
			buildConfigurationList = 806B904527B75F900046961B /* Build configuration list for PBXNativeTarget "Modern UICollectionView" */;
			buildPhases = (
				806B902D27B75F8D0046961B /* Sources */,
				806B902E27B75F8D0046961B /* Frameworks */,
				806B902F27B75F8D0046961B /* Resources */,
			);
			buildRules = (
			);
			dependencies = (
			);
			name = "Modern UICollectionView";
			productName = "Modern UICollectionView";
			productReference = 806B903127B75F8D0046961B /* Modern UICollectionView.app */;
			productType = "com.apple.product-type.application";
		};
/* End PBXNativeTarget section */

/* Begin PBXProject section */
		806B902927B75F8D0046961B /* Project object */ = {
			isa = PBXProject;
			attributes = {
				BuildIndependentTargetsInParallel = 1;
				LastSwiftUpdateCheck = 1320;
				LastUpgradeCheck = 1320;
				TargetAttributes = {
					806B903027B75F8D0046961B = {
						CreatedOnToolsVersion = 13.2.1;
					};
				};
			};
			buildConfigurationList = 806B902C27B75F8D0046961B /* Build configuration list for PBXProject "Modern UICollectionView" */;
			compatibilityVersion = "Xcode 13.0";
			developmentRegion = en;
			hasScannedForEncodings = 0;
			knownRegions = (
				en,
				Base,
			);
			mainGroup = 806B902827B75F8D0046961B;
			productRefGroup = 806B903227B75F8D0046961B /* Products */;
			projectDirPath = "";
			projectRoot = "";
			targets = (
				806B903027B75F8D0046961B /* Modern UICollectionView */,
			);
		};
/* End PBXProject section */

/* Begin PBXResourcesBuildPhase section */
		806B902F27B75F8D0046961B /* Resources */ = {
			isa = PBXResourcesBuildPhase;
			buildActionMask = 2147483647;
			files = (
				806B903E27B75F900046961B /* Assets.xcassets in Resources */,
			);
			runOnlyForDeploymentPostprocessing = 0;
		};
/* End PBXResourcesBuildPhase section */

/* Begin PBXSourcesBuildPhase section */
		806B902D27B75F8D0046961B /* Sources */ = {
			isa = PBXSourcesBuildPhase;
			buildActionMask = 2147483647;
			files = (
				806B905027BB1E8E0046961B /* TableTodoListViewController.swift in Sources */,
				806B904C27B765A90046961B /* LandingView.swift in Sources */,
				806B905827BB2E870046961B /* TodoListTableViewDataSource.swift in Sources */,
				806B903927B75F8D0046961B /* LandingViewController.swift in Sources */,
				806B905A27BB2EA60046961B /* TableTodoListView.swift in Sources */,
				8018DA8727C4843900707A58 /* CreateTodoItemViewController.swift in Sources */,
				8018DA8227C479AC00707A58 /* TodoItem.swift in Sources */,
				8018DA8927C4845000707A58 /* CreateTodoItemView.swift in Sources */,
				8018DA7627BCBA7300707A58 /* CollectionTodoListViewController.swift in Sources */,
				806B903527B75F8D0046961B /* AppDelegate.swift in Sources */,
				806B905627BB2E670046961B /* TodoItemTableViewCell.swift in Sources */,
				806B903727B75F8D0046961B /* SceneDelegate.swift in Sources */,
				8018DA7827BCBA9300707A58 /* CollectionTodoListView.swift in Sources */,
				8018DA8427C47B2000707A58 /* TodoItem+Icon.swift in Sources */,
			);
			runOnlyForDeploymentPostprocessing = 0;
		};
/* End PBXSourcesBuildPhase section */

/* Begin XCBuildConfiguration section */
		806B904327B75F900046961B /* Debug */ = {
			isa = XCBuildConfiguration;
			buildSettings = {
				ALWAYS_SEARCH_USER_PATHS = NO;
				CLANG_ANALYZER_NONNULL = YES;
				CLANG_ANALYZER_NUMBER_OBJECT_CONVERSION = YES_AGGRESSIVE;
				CLANG_CXX_LANGUAGE_STANDARD = "gnu++17";
				CLANG_CXX_LIBRARY = "libc++";
				CLANG_ENABLE_MODULES = YES;
				CLANG_ENABLE_OBJC_ARC = YES;
				CLANG_ENABLE_OBJC_WEAK = YES;
				CLANG_WARN_BLOCK_CAPTURE_AUTORELEASING = YES;
				CLANG_WARN_BOOL_CONVERSION = YES;
				CLANG_WARN_COMMA = YES;
				CLANG_WARN_CONSTANT_CONVERSION = YES;
				CLANG_WARN_DEPRECATED_OBJC_IMPLEMENTATIONS = YES;
				CLANG_WARN_DIRECT_OBJC_ISA_USAGE = YES_ERROR;
				CLANG_WARN_DOCUMENTATION_COMMENTS = YES;
				CLANG_WARN_EMPTY_BODY = YES;
				CLANG_WARN_ENUM_CONVERSION = YES;
				CLANG_WARN_INFINITE_RECURSION = YES;
				CLANG_WARN_INT_CONVERSION = YES;
				CLANG_WARN_NON_LITERAL_NULL_CONVERSION = YES;
				CLANG_WARN_OBJC_IMPLICIT_RETAIN_SELF = YES;
				CLANG_WARN_OBJC_LITERAL_CONVERSION = YES;
				CLANG_WARN_OBJC_ROOT_CLASS = YES_ERROR;
				CLANG_WARN_QUOTED_INCLUDE_IN_FRAMEWORK_HEADER = YES;
				CLANG_WARN_RANGE_LOOP_ANALYSIS = YES;
				CLANG_WARN_STRICT_PROTOTYPES = YES;
				CLANG_WARN_SUSPICIOUS_MOVE = YES;
				CLANG_WARN_UNGUARDED_AVAILABILITY = YES_AGGRESSIVE;
				CLANG_WARN_UNREACHABLE_CODE = YES;
				CLANG_WARN__DUPLICATE_METHOD_MATCH = YES;
				COPY_PHASE_STRIP = NO;
				DEBUG_INFORMATION_FORMAT = dwarf;
				ENABLE_STRICT_OBJC_MSGSEND = YES;
				ENABLE_TESTABILITY = YES;
				GCC_C_LANGUAGE_STANDARD = gnu11;
				GCC_DYNAMIC_NO_PIC = NO;
				GCC_NO_COMMON_BLOCKS = YES;
				GCC_OPTIMIZATION_LEVEL = 0;
				GCC_PREPROCESSOR_DEFINITIONS = (
					"DEBUG=1",
					"$(inherited)",
				);
				GCC_WARN_64_TO_32_BIT_CONVERSION = YES;
				GCC_WARN_ABOUT_RETURN_TYPE = YES_ERROR;
				GCC_WARN_UNDECLARED_SELECTOR = YES;
				GCC_WARN_UNINITIALIZED_AUTOS = YES_AGGRESSIVE;
				GCC_WARN_UNUSED_FUNCTION = YES;
				GCC_WARN_UNUSED_VARIABLE = YES;
				IPHONEOS_DEPLOYMENT_TARGET = 15.2;
				MTL_ENABLE_DEBUG_INFO = INCLUDE_SOURCE;
				MTL_FAST_MATH = YES;
				ONLY_ACTIVE_ARCH = YES;
				SDKROOT = iphoneos;
				SWIFT_ACTIVE_COMPILATION_CONDITIONS = DEBUG;
				SWIFT_OPTIMIZATION_LEVEL = "-Onone";
			};
			name = Debug;
		};
		806B904427B75F900046961B /* Release */ = {
			isa = XCBuildConfiguration;
			buildSettings = {
				ALWAYS_SEARCH_USER_PATHS = NO;
				CLANG_ANALYZER_NONNULL = YES;
				CLANG_ANALYZER_NUMBER_OBJECT_CONVERSION = YES_AGGRESSIVE;
				CLANG_CXX_LANGUAGE_STANDARD = "gnu++17";
				CLANG_CXX_LIBRARY = "libc++";
				CLANG_ENABLE_MODULES = YES;
				CLANG_ENABLE_OBJC_ARC = YES;
				CLANG_ENABLE_OBJC_WEAK = YES;
				CLANG_WARN_BLOCK_CAPTURE_AUTORELEASING = YES;
				CLANG_WARN_BOOL_CONVERSION = YES;
				CLANG_WARN_COMMA = YES;
				CLANG_WARN_CONSTANT_CONVERSION = YES;
				CLANG_WARN_DEPRECATED_OBJC_IMPLEMENTATIONS = YES;
				CLANG_WARN_DIRECT_OBJC_ISA_USAGE = YES_ERROR;
				CLANG_WARN_DOCUMENTATION_COMMENTS = YES;
				CLANG_WARN_EMPTY_BODY = YES;
				CLANG_WARN_ENUM_CONVERSION = YES;
				CLANG_WARN_INFINITE_RECURSION = YES;
				CLANG_WARN_INT_CONVERSION = YES;
				CLANG_WARN_NON_LITERAL_NULL_CONVERSION = YES;
				CLANG_WARN_OBJC_IMPLICIT_RETAIN_SELF = YES;
				CLANG_WARN_OBJC_LITERAL_CONVERSION = YES;
				CLANG_WARN_OBJC_ROOT_CLASS = YES_ERROR;
				CLANG_WARN_QUOTED_INCLUDE_IN_FRAMEWORK_HEADER = YES;
				CLANG_WARN_RANGE_LOOP_ANALYSIS = YES;
				CLANG_WARN_STRICT_PROTOTYPES = YES;
				CLANG_WARN_SUSPICIOUS_MOVE = YES;
				CLANG_WARN_UNGUARDED_AVAILABILITY = YES_AGGRESSIVE;
				CLANG_WARN_UNREACHABLE_CODE = YES;
				CLANG_WARN__DUPLICATE_METHOD_MATCH = YES;
				COPY_PHASE_STRIP = NO;
				DEBUG_INFORMATION_FORMAT = "dwarf-with-dsym";
				ENABLE_NS_ASSERTIONS = NO;
				ENABLE_STRICT_OBJC_MSGSEND = YES;
				GCC_C_LANGUAGE_STANDARD = gnu11;
				GCC_NO_COMMON_BLOCKS = YES;
				GCC_WARN_64_TO_32_BIT_CONVERSION = YES;
				GCC_WARN_ABOUT_RETURN_TYPE = YES_ERROR;
				GCC_WARN_UNDECLARED_SELECTOR = YES;
				GCC_WARN_UNINITIALIZED_AUTOS = YES_AGGRESSIVE;
				GCC_WARN_UNUSED_FUNCTION = YES;
				GCC_WARN_UNUSED_VARIABLE = YES;
				IPHONEOS_DEPLOYMENT_TARGET = 15.2;
				MTL_ENABLE_DEBUG_INFO = NO;
				MTL_FAST_MATH = YES;
				SDKROOT = iphoneos;
				SWIFT_COMPILATION_MODE = wholemodule;
				SWIFT_OPTIMIZATION_LEVEL = "-O";
				VALIDATE_PRODUCT = YES;
			};
			name = Release;
		};
		806B904627B75F900046961B /* Debug */ = {
			isa = XCBuildConfiguration;
			buildSettings = {
				ASSETCATALOG_COMPILER_APPICON_NAME = AppIcon;
				ASSETCATALOG_COMPILER_GLOBAL_ACCENT_COLOR_NAME = AccentColor;
				CODE_SIGN_STYLE = Automatic;
				CURRENT_PROJECT_VERSION = 1;
				GENERATE_INFOPLIST_FILE = YES;
				INFOPLIST_FILE = "Modern UICollectionView/App Files/Info.plist";
				INFOPLIST_KEY_UIApplicationSupportsIndirectInputEvents = YES;
				INFOPLIST_KEY_UISupportedInterfaceOrientations_iPad = "UIInterfaceOrientationPortrait UIInterfaceOrientationPortraitUpsideDown UIInterfaceOrientationLandscapeLeft UIInterfaceOrientationLandscapeRight";
				INFOPLIST_KEY_UISupportedInterfaceOrientations_iPhone = "UIInterfaceOrientationPortrait UIInterfaceOrientationLandscapeLeft UIInterfaceOrientationLandscapeRight";
				LD_RUNPATH_SEARCH_PATHS = (
					"$(inherited)",
					"@executable_path/Frameworks",
				);
				MARKETING_VERSION = 1.0;
				PRODUCT_BUNDLE_IDENTIFIER = "com.rlziii.Modern-UICollectionView";
				PRODUCT_NAME = "$(TARGET_NAME)";
				SWIFT_EMIT_LOC_STRINGS = YES;
				SWIFT_VERSION = 5.0;
				TARGETED_DEVICE_FAMILY = "1,2";
			};
			name = Debug;
		};
		806B904727B75F900046961B /* Release */ = {
			isa = XCBuildConfiguration;
			buildSettings = {
				ASSETCATALOG_COMPILER_APPICON_NAME = AppIcon;
				ASSETCATALOG_COMPILER_GLOBAL_ACCENT_COLOR_NAME = AccentColor;
				CODE_SIGN_STYLE = Automatic;
				CURRENT_PROJECT_VERSION = 1;
				GENERATE_INFOPLIST_FILE = YES;
				INFOPLIST_FILE = "Modern UICollectionView/App Files/Info.plist";
				INFOPLIST_KEY_UIApplicationSupportsIndirectInputEvents = YES;
				INFOPLIST_KEY_UISupportedInterfaceOrientations_iPad = "UIInterfaceOrientationPortrait UIInterfaceOrientationPortraitUpsideDown UIInterfaceOrientationLandscapeLeft UIInterfaceOrientationLandscapeRight";
				INFOPLIST_KEY_UISupportedInterfaceOrientations_iPhone = "UIInterfaceOrientationPortrait UIInterfaceOrientationLandscapeLeft UIInterfaceOrientationLandscapeRight";
				LD_RUNPATH_SEARCH_PATHS = (
					"$(inherited)",
					"@executable_path/Frameworks",
				);
				MARKETING_VERSION = 1.0;
				PRODUCT_BUNDLE_IDENTIFIER = "com.rlziii.Modern-UICollectionView";
				PRODUCT_NAME = "$(TARGET_NAME)";
				SWIFT_EMIT_LOC_STRINGS = YES;
				SWIFT_VERSION = 5.0;
				TARGETED_DEVICE_FAMILY = "1,2";
			};
			name = Release;
		};
/* End XCBuildConfiguration section */

/* Begin XCConfigurationList section */
		806B902C27B75F8D0046961B /* Build configuration list for PBXProject "Modern UICollectionView" */ = {
			isa = XCConfigurationList;
			buildConfigurations = (
				806B904327B75F900046961B /* Debug */,
				806B904427B75F900046961B /* Release */,
			);
			defaultConfigurationIsVisible = 0;
			defaultConfigurationName = Release;
		};
		806B904527B75F900046961B /* Build configuration list for PBXNativeTarget "Modern UICollectionView" */ = {
			isa = XCConfigurationList;
			buildConfigurations = (
				806B904627B75F900046961B /* Debug */,
				806B904727B75F900046961B /* Release */,
			);
			defaultConfigurationIsVisible = 0;
			defaultConfigurationName = Release;
		};
/* End XCConfigurationList section */
	};
	rootObject = 806B902927B75F8D0046961B /* Project object */;
}
